# This is a Gradle generated file for dependency locking.
# Manual edits can break the build and are not advised.
# This file is expected to be part of source control.
ch.qos.logback:logback-classic:1.5.20=runtimeClasspath
ch.qos.logback:logback-core:1.5.20=runtimeClasspath
com.fasterxml.jackson.core:jackson-annotations:2.20=runtimeClasspath
io.micrometer:micrometer-commons:1.16.0-RC1=runtimeClasspath
io.micrometer:micrometer-observation:1.16.0-RC1=runtimeClasspath
jakarta.annotation:jakarta.annotation-api:3.0.0=runtimeClasspath
org.apache.logging.log4j:log4j-api:2.25.2=runtimeClasspath
org.apache.logging.log4j:log4j-bom:2.25.2=runtimeClasspath
org.apache.logging.log4j:log4j-to-slf4j:2.25.2=runtimeClasspath
org.apache.tomcat.embed:tomcat-embed-core:11.0.13=runtimeClasspath
org.apache.tomcat.embed:tomcat-embed-el:11.0.13=runtimeClasspath
org.apache.tomcat.embed:tomcat-embed-websocket:11.0.13=runtimeClasspath
org.jetbrains.kotlin:kotlin-metadata-jvm:2.2.20=runtimeClasspath
org.jetbrains.kotlin:kotlin-reflect:2.2.20=runtimeClasspath
org.jetbrains.kotlin:kotlin-stdlib:2.2.20=runtimeClasspath
org.jetbrains:annotations:13.0=runtimeClasspath
org.jspecify:jspecify:1.0.0=runtimeClasspath
org.slf4j:jcl-over-slf4j:2.1.0-alpha1=runtimeClasspath
org.slf4j:jul-to-slf4j:2.1.0-alpha1=runtimeClasspath
org.slf4j:slf4j-api:2.1.0-alpha1=runtimeClasspath
org.slf4j:slf4j-bom:2.1.0-alpha1=runtimeClasspath
org.springframework.boot:spring-boot-autoconfigure:4.0.0-RC2=runtimeClasspath
org.springframework.boot:spring-boot-dependencies:4.0.0-RC2=runtimeClasspath
org.springframework.boot:spring-boot-devtools:4.0.0-RC2=runtimeClasspath
org.springframework.boot:spring-boot-http-converter:4.0.0-RC2=runtimeClasspath
org.springframework.boot:spring-boot-jackson:4.0.0-RC2=runtimeClasspath
org.springframework.boot:spring-boot-servlet:4.0.0-RC2=runtimeClasspath
org.springframework.boot:spring-boot-starter-jackson:4.0.0-RC2=runtimeClasspath
org.springframework.boot:spring-boot-starter-logging:4.0.0-RC2=runtimeClasspath
org.springframework.boot:spring-boot-starter-tomcat:4.0.0-RC2=runtimeClasspath
org.springframework.boot:spring-boot-starter-web:4.0.0-RC2=runtimeClasspath
org.springframework.boot:spring-boot-starter:4.0.0-RC2=runtimeClasspath
org.springframework.boot:spring-boot-tomcat-runtime:4.0.0-RC2=runtimeClasspath
org.springframework.boot:spring-boot-tomcat:4.0.0-RC2=runtimeClasspath
org.springframework.boot:spring-boot-web-server:4.0.0-RC2=runtimeClasspath
org.springframework.boot:spring-boot-webmvc:4.0.0-RC2=runtimeClasspath
org.springframework.boot:spring-boot:4.0.0-RC2=runtimeClasspath
org.springframework:spring-aop:7.0.0-RC3=runtimeClasspath
org.springframework:spring-beans:7.0.0-RC3=runtimeClasspath
org.springframework:spring-context:7.0.0-RC3=runtimeClasspath
org.springframework:spring-core:7.0.0-RC3=runtimeClasspath
org.springframework:spring-expression:7.0.0-RC3=runtimeClasspath
org.springframework:spring-web:7.0.0-RC3=runtimeClasspath
org.springframework:spring-webmvc:7.0.0-RC3=runtimeClasspath
org.yaml:snakeyaml:2.5=runtimeClasspath
tools.jackson.core:jackson-core:3.0.1=runtimeClasspath
tools.jackson.core:jackson-databind:3.0.1=runtimeClasspath
tools.jackson:jackson-bom:3.0.1=runtimeClasspath
empty=
